// !$*UTF8*$!
{
	archiveVersion = 1;
	classes = {
	};
	objectVersion = 46;
	objects = {

/* Begin PBXBuildFile section */
		8B15A99CEB32F72C382AB1CB /* libPods-formtableDemo.a in Frameworks */ = {isa = PBXBuildFile; fileRef = A0D50F10F77810F6619A781A /* libPods-formtableDemo.a */; };
		9D04A6311CA27BF10074542F /* main.m in Sources */ = {isa = PBXBuildFile; fileRef = 9D04A6301CA27BF10074542F /* main.m */; };
		9D04A6341CA27BF10074542F /* AppDelegate.m in Sources */ = {isa = PBXBuildFile; fileRef = 9D04A6331CA27BF10074542F /* AppDelegate.m */; };
		9D04A6371CA27BF10074542F /* ViewController.m in Sources */ = {isa = PBXBuildFile; fileRef = 9D04A6361CA27BF10074542F /* ViewController.m */; };
		9D04A63A1CA27BF10074542F /* Main.storyboard in Resources */ = {isa = PBXBuildFile; fileRef = 9D04A6381CA27BF10074542F /* Main.storyboard */; };
		9D04A63C1CA27BF10074542F /* Assets.xcassets in Resources */ = {isa = PBXBuildFile; fileRef = 9D04A63B1CA27BF10074542F /* Assets.xcassets */; };
		9D04A63F1CA27BF10074542F /* LaunchScreen.storyboard in Resources */ = {isa = PBXBuildFile; fileRef = 9D04A63D1CA27BF10074542F /* LaunchScreen.storyboard */; };
		9D04A64A1CA27BF10074542F /* formtableDemoTests.m in Sources */ = {isa = PBXBuildFile; fileRef = 9D04A6491CA27BF10074542F /* formtableDemoTests.m */; };
		9D04A6551CA27BF10074542F /* formtableDemoUITests.m in Sources */ = {isa = PBXBuildFile; fileRef = 9D04A6541CA27BF10074542F /* formtableDemoUITests.m */; };
/* End PBXBuildFile section */

/* Begin PBXContainerItemProxy section */
		9D04A6461CA27BF10074542F /* PBXContainerItemProxy */ = {
			isa = PBXContainerItemProxy;
			containerPortal = 9D04A6241CA27BF10074542F /* Project object */;
			proxyType = 1;
			remoteGlobalIDString = 9D04A62B1CA27BF10074542F;
			remoteInfo = formtableDemo;
		};
		9D04A6511CA27BF10074542F /* PBXContainerItemProxy */ = {
			isa = PBXContainerItemProxy;
			containerPortal = 9D04A6241CA27BF10074542F /* Project object */;
			proxyType = 1;
			remoteGlobalIDString = 9D04A62B1CA27BF10074542F;
			remoteInfo = formtableDemo;
		};
/* End PBXContainerItemProxy section */

/* Begin PBXFileReference section */
		5826FEBA89A5A439FEAD02D3 /* Pods-formtableDemo.release.xcconfig */ = {isa = PBXFileReference; includeInIndex = 1; lastKnownFileType = text.xcconfig; name = "Pods-formtableDemo.release.xcconfig"; path = "Pods/Target Support Files/Pods-formtableDemo/Pods-formtableDemo.release.xcconfig"; sourceTree = "<group>"; };
		9D04A62C1CA27BF10074542F /* formtableDemo.app */ = {isa = PBXFileReference; explicitFileType = wrapper.application; includeInIndex = 0; path = formtableDemo.app; sourceTree = BUILT_PRODUCTS_DIR; };
		9D04A6301CA27BF10074542F /* main.m */ = {isa = PBXFileReference; lastKnownFileType = sourcecode.c.objc; path = main.m; sourceTree = "<group>"; };
		9D04A6321CA27BF10074542F /* AppDelegate.h */ = {isa = PBXFileReference; lastKnownFileType = sourcecode.c.h; path = AppDelegate.h; sourceTree = "<group>"; };
		9D04A6331CA27BF10074542F /* AppDelegate.m */ = {isa = PBXFileReference; lastKnownFileType = sourcecode.c.objc; path = AppDelegate.m; sourceTree = "<group>"; };
		9D04A6351CA27BF10074542F /* ViewController.h */ = {isa = PBXFileReference; lastKnownFileType = sourcecode.c.h; path = ViewController.h; sourceTree = "<group>"; };
		9D04A6361CA27BF10074542F /* ViewController.m */ = {isa = PBXFileReference; lastKnownFileType = sourcecode.c.objc; path = ViewController.m; sourceTree = "<group>"; };
		9D04A6391CA27BF10074542F /* Base */ = {isa = PBXFileReference; lastKnownFileType = file.storyboard; name = Base; path = Base.lproj/Main.storyboard; sourceTree = "<group>"; };
		9D04A63B1CA27BF10074542F /* Assets.xcassets */ = {isa = PBXFileReference; lastKnownFileType = folder.assetcatalog; path = Assets.xcassets; sourceTree = "<group>"; };
		9D04A63E1CA27BF10074542F /* Base */ = {isa = PBXFileReference; lastKnownFileType = file.storyboard; name = Base; path = Base.lproj/LaunchScreen.storyboard; sourceTree = "<group>"; };
		9D04A6401CA27BF10074542F /* Info.plist */ = {isa = PBXFileReference; lastKnownFileType = text.plist.xml; path = Info.plist; sourceTree = "<group>"; };
		9D04A6451CA27BF10074542F /* formtableDemoTests.xctest */ = {isa = PBXFileReference; explicitFileType = wrapper.cfbundle; includeInIndex = 0; path = formtableDemoTests.xctest; sourceTree = BUILT_PRODUCTS_DIR; };
		9D04A6491CA27BF10074542F /* formtableDemoTests.m */ = {isa = PBXFileReference; lastKnownFileType = sourcecode.c.objc; path = formtableDemoTests.m; sourceTree = "<group>"; };
		9D04A64B1CA27BF10074542F /* Info.plist */ = {isa = PBXFileReference; lastKnownFileType = text.plist.xml; path = Info.plist; sourceTree = "<group>"; };
		9D04A6501CA27BF10074542F /* formtableDemoUITests.xctest */ = {isa = PBXFileReference; explicitFileType = wrapper.cfbundle; includeInIndex = 0; path = formtableDemoUITests.xctest; sourceTree = BUILT_PRODUCTS_DIR; };
		9D04A6541CA27BF10074542F /* formtableDemoUITests.m */ = {isa = PBXFileReference; lastKnownFileType = sourcecode.c.objc; path = formtableDemoUITests.m; sourceTree = "<group>"; };
		9D04A6561CA27BF10074542F /* Info.plist */ = {isa = PBXFileReference; lastKnownFileType = text.plist.xml; path = Info.plist; sourceTree = "<group>"; };
		9DFB02171CA2BB3B0076EE7F /* JavaScriptCore.framework */ = {isa = PBXFileReference; lastKnownFileType = wrapper.framework; name = JavaScriptCore.framework; path = System/Library/Frameworks/JavaScriptCore.framework; sourceTree = SDKROOT; };
		9DFB02191CA2BB570076EE7F /* libz.tbd */ = {isa = PBXFileReference; lastKnownFileType = "sourcecode.text-based-dylib-definition"; name = libz.tbd; path = usr/lib/libz.tbd; sourceTree = SDKROOT; };
		A0D50F10F77810F6619A781A /* libPods-formtableDemo.a */ = {isa = PBXFileReference; explicitFileType = archive.ar; includeInIndex = 0; path = "libPods-formtableDemo.a"; sourceTree = BUILT_PRODUCTS_DIR; };
		EAC8B2FEC1E255BD55F36686 /* Pods-formtableDemo.debug.xcconfig */ = {isa = PBXFileReference; includeInIndex = 1; lastKnownFileType = text.xcconfig; name = "Pods-formtableDemo.debug.xcconfig"; path = "Pods/Target Support Files/Pods-formtableDemo/Pods-formtableDemo.debug.xcconfig"; sourceTree = "<group>"; };
/* End PBXFileReference section */

/* Begin PBXFrameworksBuildPhase section */
		9D04A6291CA27BF10074542F /* Frameworks */ = {
			isa = PBXFrameworksBuildPhase;
			buildActionMask = 2147483647;
			files = (
				8B15A99CEB32F72C382AB1CB /* libPods-formtableDemo.a in Frameworks */,
			);
			runOnlyForDeploymentPostprocessing = 0;
		};
		9D04A6421CA27BF10074542F /* Frameworks */ = {
			isa = PBXFrameworksBuildPhase;
			buildActionMask = 2147483647;
			files = (
			);
			runOnlyForDeploymentPostprocessing = 0;
		};
		9D04A64D1CA27BF10074542F /* Frameworks */ = {
			isa = PBXFrameworksBuildPhase;
			buildActionMask = 2147483647;
			files = (
			);
			runOnlyForDeploymentPostprocessing = 0;
		};
/* End PBXFrameworksBuildPhase section */

/* Begin PBXGroup section */
		3F96CD49A03EA484A2C5C0A8 /* Pods */ = {
			isa = PBXGroup;
			children = (
				EAC8B2FEC1E255BD55F36686 /* Pods-formtableDemo.debug.xcconfig */,
				5826FEBA89A5A439FEAD02D3 /* Pods-formtableDemo.release.xcconfig */,
			);
			name = Pods;
			sourceTree = "<group>";
		};
		9D04A6231CA27BF10074542F = {
			isa = PBXGroup;
			children = (
				9D04A62E1CA27BF10074542F /* formtableDemo */,
				9D04A6481CA27BF10074542F /* formtableDemoTests */,
				9D04A6531CA27BF10074542F /* formtableDemoUITests */,
				9D04A62D1CA27BF10074542F /* Products */,
				3F96CD49A03EA484A2C5C0A8 /* Pods */,
				D51B260CFB90F2BF90B34614 /* Frameworks */,
			);
			sourceTree = "<group>";
		};
		9D04A62D1CA27BF10074542F /* Products */ = {
			isa = PBXGroup;
			children = (
				9D04A62C1CA27BF10074542F /* formtableDemo.app */,
				9D04A6451CA27BF10074542F /* formtableDemoTests.xctest */,
				9D04A6501CA27BF10074542F /* formtableDemoUITests.xctest */,
			);
			name = Products;
			sourceTree = "<group>";
		};
		9D04A62E1CA27BF10074542F /* formtableDemo */ = {
			isa = PBXGroup;
			children = (
				9D04A6321CA27BF10074542F /* AppDelegate.h */,
				9D04A6331CA27BF10074542F /* AppDelegate.m */,
				9D04A6351CA27BF10074542F /* ViewController.h */,
				9D04A6361CA27BF10074542F /* ViewController.m */,
				9D04A6381CA27BF10074542F /* Main.storyboard */,
				9D04A63B1CA27BF10074542F /* Assets.xcassets */,
				9D04A63D1CA27BF10074542F /* LaunchScreen.storyboard */,
				9D04A6401CA27BF10074542F /* Info.plist */,
				9D04A62F1CA27BF10074542F /* Supporting Files */,
			);
			path = formtableDemo;
			sourceTree = "<group>";
		};
		9D04A62F1CA27BF10074542F /* Supporting Files */ = {
			isa = PBXGroup;
			children = (
				9D04A6301CA27BF10074542F /* main.m */,
			);
			name = "Supporting Files";
			sourceTree = "<group>";
		};
		9D04A6481CA27BF10074542F /* formtableDemoTests */ = {
			isa = PBXGroup;
			children = (
				9D04A6491CA27BF10074542F /* formtableDemoTests.m */,
				9D04A64B1CA27BF10074542F /* Info.plist */,
			);
			path = formtableDemoTests;
			sourceTree = "<group>";
		};
		9D04A6531CA27BF10074542F /* formtableDemoUITests */ = {
			isa = PBXGroup;
			children = (
				9D04A6541CA27BF10074542F /* formtableDemoUITests.m */,
				9D04A6561CA27BF10074542F /* Info.plist */,
			);
			path = formtableDemoUITests;
			sourceTree = "<group>";
		};
		D51B260CFB90F2BF90B34614 /* Frameworks */ = {
			isa = PBXGroup;
			children = (
				9DFB02191CA2BB570076EE7F /* libz.tbd */,
				9DFB02171CA2BB3B0076EE7F /* JavaScriptCore.framework */,
				A0D50F10F77810F6619A781A /* libPods-formtableDemo.a */,
			);
			name = Frameworks;
			sourceTree = "<group>";
		};
/* End PBXGroup section */

/* Begin PBXNativeTarget section */
		9D04A62B1CA27BF10074542F /* formtableDemo */ = {
			isa = PBXNativeTarget;
			buildConfigurationList = 9D04A6591CA27BF10074542F /* Build configuration list for PBXNativeTarget "formtableDemo" */;
			buildPhases = (
				C3B0E06CADDB5D195F93FB94 /* Check Pods Manifest.lock */,
				9D04A6281CA27BF10074542F /* Sources */,
				9D04A6291CA27BF10074542F /* Frameworks */,
				9D04A62A1CA27BF10074542F /* Resources */,
				7EC4729FD9D035D94C89D3CA /* Embed Pods Frameworks */,
				960F8626BEB1AADF684DFF88 /* Copy Pods Resources */,
			);
			buildRules = (
			);
			dependencies = (
			);
			name = formtableDemo;
			productName = formtableDemo;
			productReference = 9D04A62C1CA27BF10074542F /* formtableDemo.app */;
			productType = "com.apple.product-type.application";
		};
		9D04A6441CA27BF10074542F /* formtableDemoTests */ = {
			isa = PBXNativeTarget;
			buildConfigurationList = 9D04A65C1CA27BF10074542F /* Build configuration list for PBXNativeTarget "formtableDemoTests" */;
			buildPhases = (
				9D04A6411CA27BF10074542F /* Sources */,
				9D04A6421CA27BF10074542F /* Frameworks */,
				9D04A6431CA27BF10074542F /* Resources */,
			);
			buildRules = (
			);
			dependencies = (
				9D04A6471CA27BF10074542F /* PBXTargetDependency */,
			);
			name = formtableDemoTests;
			productName = formtableDemoTests;
			productReference = 9D04A6451CA27BF10074542F /* formtableDemoTests.xctest */;
			productType = "com.apple.product-type.bundle.unit-test";
		};
		9D04A64F1CA27BF10074542F /* formtableDemoUITests */ = {
			isa = PBXNativeTarget;
			buildConfigurationList = 9D04A65F1CA27BF10074542F /* Build configuration list for PBXNativeTarget "formtableDemoUITests" */;
			buildPhases = (
				9D04A64C1CA27BF10074542F /* Sources */,
				9D04A64D1CA27BF10074542F /* Frameworks */,
				9D04A64E1CA27BF10074542F /* Resources */,
			);
			buildRules = (
			);
			dependencies = (
				9D04A6521CA27BF10074542F /* PBXTargetDependency */,
			);
			name = formtableDemoUITests;
			productName = formtableDemoUITests;
			productReference = 9D04A6501CA27BF10074542F /* formtableDemoUITests.xctest */;
			productType = "com.apple.product-type.bundle.ui-testing";
		};
/* End PBXNativeTarget section */

/* Begin PBXProject section */
		9D04A6241CA27BF10074542F /* Project object */ = {
			isa = PBXProject;
			attributes = {
				LastUpgradeCheck = 0720;
				ORGANIZATIONNAME = "林国强";
				TargetAttributes = {
					9D04A62B1CA27BF10074542F = {
						CreatedOnToolsVersion = 7.2.1;
					};
					9D04A6441CA27BF10074542F = {
						CreatedOnToolsVersion = 7.2.1;
						TestTargetID = 9D04A62B1CA27BF10074542F;
					};
					9D04A64F1CA27BF10074542F = {
						CreatedOnToolsVersion = 7.2.1;
						TestTargetID = 9D04A62B1CA27BF10074542F;
					};
				};
			};
			buildConfigurationList = 9D04A6271CA27BF10074542F /* Build configuration list for PBXProject "formtableDemo" */;
			compatibilityVersion = "Xcode 3.2";
			developmentRegion = English;
			hasScannedForEncodings = 0;
			knownRegions = (
				en,
				Base,
			);
			mainGroup = 9D04A6231CA27BF10074542F;
			productRefGroup = 9D04A62D1CA27BF10074542F /* Products */;
			projectDirPath = "";
			projectRoot = "";
			targets = (
				9D04A62B1CA27BF10074542F /* formtableDemo */,
				9D04A6441CA27BF10074542F /* formtableDemoTests */,
				9D04A64F1CA27BF10074542F /* formtableDemoUITests */,
			);
		};
/* End PBXProject section */

/* Begin PBXResourcesBuildPhase section */
		9D04A62A1CA27BF10074542F /* Resources */ = {
			isa = PBXResourcesBuildPhase;
			buildActionMask = 2147483647;
			files = (
				9D04A63F1CA27BF10074542F /* LaunchScreen.storyboard in Resources */,
				9D04A63C1CA27BF10074542F /* Assets.xcassets in Resources */,
				9D04A63A1CA27BF10074542F /* Main.storyboard in Resources */,
			);
			runOnlyForDeploymentPostprocessing = 0;
		};
		9D04A6431CA27BF10074542F /* Resources */ = {
			isa = PBXResourcesBuildPhase;
			buildActionMask = 2147483647;
			files = (
			);
			runOnlyForDeploymentPostprocessing = 0;
		};
		9D04A64E1CA27BF10074542F /* Resources */ = {
			isa = PBXResourcesBuildPhase;
			buildActionMask = 2147483647;
			files = (
			);
			runOnlyForDeploymentPostprocessing = 0;
		};
/* End PBXResourcesBuildPhase section */

/* Begin PBXShellScriptBuildPhase section */
		7EC4729FD9D035D94C89D3CA /* Embed Pods Frameworks */ = {
			isa = PBXShellScriptBuildPhase;
			buildActionMask = 2147483647;
			files = (
			);
			inputPaths = (
			);
			name = "Embed Pods Frameworks";
			outputPaths = (
			);
			runOnlyForDeploymentPostprocessing = 0;
			shellPath = /bin/sh;
			shellScript = "\"${SRCROOT}/Pods/Target Support Files/Pods-formtableDemo/Pods-formtableDemo-frameworks.sh\"\n";
			showEnvVarsInLog = 0;
		};
		960F8626BEB1AADF684DFF88 /* Copy Pods Resources */ = {
			isa = PBXShellScriptBuildPhase;
			buildActionMask = 2147483647;
			files = (
			);
			inputPaths = (
			);
			name = "Copy Pods Resources";
			outputPaths = (
			);
			runOnlyForDeploymentPostprocessing = 0;
			shellPath = /bin/sh;
			shellScript = "\"${SRCROOT}/Pods/Target Support Files/Pods-formtableDemo/Pods-formtableDemo-resources.sh\"\n";
			showEnvVarsInLog = 0;
		};
		C3B0E06CADDB5D195F93FB94 /* Check Pods Manifest.lock */ = {
			isa = PBXShellScriptBuildPhase;
			buildActionMask = 2147483647;
			files = (
			);
			inputPaths = (
			);
			name = "Check Pods Manifest.lock";
			outputPaths = (
			);
			runOnlyForDeploymentPostprocessing = 0;
			shellPath = /bin/sh;
			shellScript = "diff \"${PODS_ROOT}/../Podfile.lock\" \"${PODS_ROOT}/Manifest.lock\" > /dev/null\nif [[ $? != 0 ]] ; then\n    cat << EOM\nerror: The sandbox is not in sync with the Podfile.lock. Run 'pod install' or update your CocoaPods installation.\nEOM\n    exit 1\nfi\n";
			showEnvVarsInLog = 0;
		};
/* End PBXShellScriptBuildPhase section */

/* Begin PBXSourcesBuildPhase section */
		9D04A6281CA27BF10074542F /* Sources */ = {
			isa = PBXSourcesBuildPhase;
			buildActionMask = 2147483647;
			files = (
				9D04A6371CA27BF10074542F /* ViewController.m in Sources */,
				9D04A6341CA27BF10074542F /* AppDelegate.m in Sources */,
				9D04A6311CA27BF10074542F /* main.m in Sources */,
			);
			runOnlyForDeploymentPostprocessing = 0;
		};
		9D04A6411CA27BF10074542F /* Sources */ = {
			isa = PBXSourcesBuildPhase;
			buildActionMask = 2147483647;
			files = (
				9D04A64A1CA27BF10074542F /* formtableDemoTests.m in Sources */,
			);
			runOnlyForDeploymentPostprocessing = 0;
		};
		9D04A64C1CA27BF10074542F /* Sources */ = {
			isa = PBXSourcesBuildPhase;
			buildActionMask = 2147483647;
			files = (
				9D04A6551CA27BF10074542F /* formtableDemoUITests.m in Sources */,
			);
			runOnlyForDeploymentPostprocessing = 0;
		};
/* End PBXSourcesBuildPhase section */

/* Begin PBXTargetDependency section */
		9D04A6471CA27BF10074542F /* PBXTargetDependency */ = {
			isa = PBXTargetDependency;
			target = 9D04A62B1CA27BF10074542F /* formtableDemo */;
			targetProxy = 9D04A6461CA27BF10074542F /* PBXContainerItemProxy */;
		};
		9D04A6521CA27BF10074542F /* PBXTargetDependency */ = {
			isa = PBXTargetDependency;
			target = 9D04A62B1CA27BF10074542F /* formtableDemo */;
			targetProxy = 9D04A6511CA27BF10074542F /* PBXContainerItemProxy */;
		};
/* End PBXTargetDependency section */

/* Begin PBXVariantGroup section */
		9D04A6381CA27BF10074542F /* Main.storyboard */ = {
			isa = PBXVariantGroup;
			children = (
				9D04A6391CA27BF10074542F /* Base */,
			);
			name = Main.storyboard;
			sourceTree = "<group>";
		};
		9D04A63D1CA27BF10074542F /* LaunchScreen.storyboard */ = {
			isa = PBXVariantGroup;
			children = (
				9D04A63E1CA27BF10074542F /* Base */,
			);
			name = LaunchScreen.storyboard;
			sourceTree = "<group>";
		};
/* End PBXVariantGroup section */

/* Begin XCBuildConfiguration section */
		9D04A6571CA27BF10074542F /* Debug */ = {
			isa = XCBuildConfiguration;
			buildSettings = {
				ALWAYS_SEARCH_USER_PATHS = NO;
				CLANG_CXX_LANGUAGE_STANDARD = "gnu++0x";
				CLANG_CXX_LIBRARY = "libc++";
				CLANG_ENABLE_MODULES = YES;
				CLANG_ENABLE_OBJC_ARC = YES;
				CLANG_WARN_BOOL_CONVERSION = YES;
				CLANG_WARN_CONSTANT_CONVERSION = YES;
				CLANG_WARN_DIRECT_OBJC_ISA_USAGE = YES_ERROR;
				CLANG_WARN_EMPTY_BODY = YES;
				CLANG_WARN_ENUM_CONVERSION = YES;
				CLANG_WARN_INT_CONVERSION = YES;
				CLANG_WARN_OBJC_ROOT_CLASS = YES_ERROR;
				CLANG_WARN_UNREACHABLE_CODE = YES;
				CLANG_WARN__DUPLICATE_METHOD_MATCH = YES;
				"CODE_SIGN_IDENTITY[sdk=iphoneos*]" = "iPhone Developer";
				COPY_PHASE_STRIP = NO;
				DEBUG_INFORMATION_FORMAT = dwarf;
				ENABLE_STRICT_OBJC_MSGSEND = YES;
				ENABLE_TESTABILITY = YES;
				GCC_C_LANGUAGE_STANDARD = gnu99;
				GCC_DYNAMIC_NO_PIC = NO;
				GCC_NO_COMMON_BLOCKS = YES;
				GCC_OPTIMIZATION_LEVEL = 0;
				GCC_PREPROCESSOR_DEFINITIONS = (
					"DEBUG=1",
					"$(inherited)",
				);
				GCC_WARN_64_TO_32_BIT_CONVERSION = YES;
				GCC_WARN_ABOUT_RETURN_TYPE = YES_ERROR;
				GCC_WARN_UNDECLARED_SELECTOR = YES;
				GCC_WARN_UNINITIALIZED_AUTOS = YES_AGGRESSIVE;
				GCC_WARN_UNUSED_FUNCTION = YES;
				GCC_WARN_UNUSED_VARIABLE = YES;
				IPHONEOS_DEPLOYMENT_TARGET = 9.2;
				MTL_ENABLE_DEBUG_INFO = YES;
				ONLY_ACTIVE_ARCH = YES;
				SDKROOT = iphoneos;
			};
			name = Debug;
		};
		9D04A6581CA27BF10074542F /* Release */ = {
			isa = XCBuildConfiguration;
			buildSettings = {
				ALWAYS_SEARCH_USER_PATHS = NO;
				CLANG_CXX_LANGUAGE_STANDARD = "gnu++0x";
				CLANG_CXX_LIBRARY = "libc++";
				CLANG_ENABLE_MODULES = YES;
				CLANG_ENABLE_OBJC_ARC = YES;
				CLANG_WARN_BOOL_CONVERSION = YES;
				CLANG_WARN_CONSTANT_CONVERSION = YES;
				CLANG_WARN_DIRECT_OBJC_ISA_USAGE = YES_ERROR;
				CLANG_WARN_EMPTY_BODY = YES;
				CLANG_WARN_ENUM_CONVERSION = YES;
				CLANG_WARN_INT_CONVERSION = YES;
				CLANG_WARN_OBJC_ROOT_CLASS = YES_ERROR;
				CLANG_WARN_UNREACHABLE_CODE = YES;
				CLANG_WARN__DUPLICATE_METHOD_MATCH = YES;
				"CODE_SIGN_IDENTITY[sdk=iphoneos*]" = "iPhone Developer";
				COPY_PHASE_STRIP = NO;
				DEBUG_INFORMATION_FORMAT = "dwarf-with-dsym";
				ENABLE_NS_ASSERTIONS = NO;
				ENABLE_STRICT_OBJC_MSGSEND = YES;
				GCC_C_LANGUAGE_STANDARD = gnu99;
				GCC_NO_COMMON_BLOCKS = YES;
				GCC_WARN_64_TO_32_BIT_CONVERSION = YES;
				GCC_WARN_ABOUT_RETURN_TYPE = YES_ERROR;
				GCC_WARN_UNDECLARED_SELECTOR = YES;
				GCC_WARN_UNINITIALIZED_AUTOS = YES_AGGRESSIVE;
				GCC_WARN_UNUSED_FUNCTION = YES;
				GCC_WARN_UNUSED_VARIABLE = YES;
				IPHONEOS_DEPLOYMENT_TARGET = 9.2;
				MTL_ENABLE_DEBUG_INFO = NO;
				SDKROOT = iphoneos;
				VALIDATE_PRODUCT = YES;
			};
			name = Release;
		};
		9D04A65A1CA27BF10074542F /* Debug */ = {
			isa = XCBuildConfiguration;
			baseConfigurationReference = EAC8B2FEC1E255BD55F36686 /* Pods-formtableDemo.debug.xcconfig */;
			buildSettings = {
				ASSETCATALOG_COMPILER_APPICON_NAME = AppIcon;
				FRAMEWORK_SEARCH_PATHS = (
					"$(inherited)",
					"$(PROJECT_DIR)",
				);
				INFOPLIST_FILE = formtableDemo/Info.plist;
				IPHONEOS_DEPLOYMENT_TARGET = 7.0;
				LD_RUNPATH_SEARCH_PATHS = "$(inherited) @executable_path/Frameworks";
				PRODUCT_BUNDLE_IDENTIFIER = com.hundsun.hospitalcloud.qy.yuntai;
				PRODUCT_NAME = "$(TARGET_NAME)";
			};
			name = Debug;
		};
		9D04A65B1CA27BF10074542F /* Release */ = {
			isa = XCBuildConfiguration;
			baseConfigurationReference = 5826FEBA89A5A439FEAD02D3 /* Pods-formtableDemo.release.xcconfig */;
			buildSettings = {
				ASSETCATALOG_COMPILER_APPICON_NAME = AppIcon;
				FRAMEWORK_SEARCH_PATHS = (
					"$(inherited)",
					"$(PROJECT_DIR)",
				);
				INFOPLIST_FILE = formtableDemo/Info.plist;
				IPHONEOS_DEPLOYMENT_TARGET = 7.0;
				LD_RUNPATH_SEARCH_PATHS = "$(inherited) @executable_path/Frameworks";
				PRODUCT_BUNDLE_IDENTIFIER = com.hundsun.hospitalcloud.qy.yuntai;
				PRODUCT_NAME = "$(TARGET_NAME)";
			};
			name = Release;
		};
		9D04A65D1CA27BF10074542F /* Debug */ = {
			isa = XCBuildConfiguration;
			buildSettings = {
				BUNDLE_LOADER = "$(TEST_HOST)";
				INFOPLIST_FILE = formtableDemoTests/Info.plist;
				LD_RUNPATH_SEARCH_PATHS = "$(inherited) @executable_path/Frameworks @loader_path/Frameworks";
				PRODUCT_BUNDLE_IDENTIFIER = com.dmt.formtableDemoTests;
				PRODUCT_NAME = "$(TARGET_NAME)";
				TEST_HOST = "$(BUILT_PRODUCTS_DIR)/formtableDemo.app/formtableDemo";
			};
			name = Debug;
		};
		9D04A65E1CA27BF10074542F /* Release */ = {
			isa = XCBuildConfiguration;
			buildSettings = {
				BUNDLE_LOADER = "$(TEST_HOST)";
				INFOPLIST_FILE = formtableDemoTests/Info.plist;
				LD_RUNPATH_SEARCH_PATHS = "$(inherited) @executable_path/Frameworks @loader_path/Frameworks";
				PRODUCT_BUNDLE_IDENTIFIER = com.dmt.formtableDemoTests;
				PRODUCT_NAME = "$(TARGET_NAME)";
				TEST_HOST = "$(BUILT_PRODUCTS_DIR)/formtableDemo.app/formtableDemo";
			};
			name = Release;
		};
		9D04A6601CA27BF10074542F /* Debug */ = {
			isa = XCBuildConfiguration;
			buildSettings = {
				INFOPLIST_FILE = formtableDemoUITests/Info.plist;
				LD_RUNPATH_SEARCH_PATHS = "$(inherited) @executable_path/Frameworks @loader_path/Frameworks";
				PRODUCT_BUNDLE_IDENTIFIER = com.dmt.formtableDemoUITests;
				PRODUCT_NAME = "$(TARGET_NAME)";
				TEST_TARGET_NAME = formtableDemo;
				USES_XCTRUNNER = YES;
			};
			name = Debug;
		};
		9D04A6611CA27BF10074542F /* Release */ = {
			isa = XCBuildConfiguration;
			buildSettings = {
				INFOPLIST_FILE = formtableDemoUITests/Info.plist;
				LD_RUNPATH_SEARCH_PATHS = "$(inherited) @executable_path/Frameworks @loader_path/Frameworks";
				PRODUCT_BUNDLE_IDENTIFIER = com.dmt.formtableDemoUITests;
				PRODUCT_NAME = "$(TARGET_NAME)";
				TEST_TARGET_NAME = formtableDemo;
				USES_XCTRUNNER = YES;
			};
			name = Release;
		};
/* End XCBuildConfiguration section */

/* Begin XCConfigurationList section */
		9D04A6271CA27BF10074542F /* Build configuration list for PBXProject "formtableDemo" */ = {
			isa = XCConfigurationList;
			buildConfigurations = (
				9D04A6571CA27BF10074542F /* Debug */,
				9D04A6581CA27BF10074542F /* Release */,
			);
			defaultConfigurationIsVisible = 0;
			defaultConfigurationName = Release;
		};
		9D04A6591CA27BF10074542F /* Build configuration list for PBXNativeTarget "formtableDemo" */ = {
			isa = XCConfigurationList;
			buildConfigurations = (
				9D04A65A1CA27BF10074542F /* Debug */,
				9D04A65B1CA27BF10074542F /* Release */,
			);
			defaultConfigurationIsVisible = 0;
			defaultConfigurationName = Release;
		};
		9D04A65C1CA27BF10074542F /* Build configuration list for PBXNativeTarget "formtableDemoTests" */ = {
			isa = XCConfigurationList;
			buildConfigurations = (
				9D04A65D1CA27BF10074542F /* Debug */,
				9D04A65E1CA27BF10074542F /* Release */,
			);
			defaultConfigurationIsVisible = 0;
			defaultConfigurationName = Release;
		};
		9D04A65F1CA27BF10074542F /* Build configuration list for PBXNativeTarget "formtableDemoUITests" */ = {
			isa = XCConfigurationList;
			buildConfigurations = (
				9D04A6601CA27BF10074542F /* Debug */,
				9D04A6611CA27BF10074542F /* Release */,
			);
			defaultConfigurationIsVisible = 0;
			defaultConfigurationName = Release;
		};
/* End XCConfigurationList section */
	};
	rootObject = 9D04A6241CA27BF10074542F /* Project object */;
}
